
Microsoft Visual Studio Solution File, Format Version 9.00
# Visual Studio 2005
Project("{FAE04EC0-301F-11D3-BF4B-00C04F79EFBC}") = "mldsp-gtk", "mldsp-gtk\mldsp-gtk.csproj", "{88F2C442-BAF0-4A88-B033-1ED3292FE880}"
EndProject
Project("{9344bdbb-3e7f-41fc-a0dd-8665d75ee146}") = "mldsp-gtkTranslation", "mldsp-gtkTranslation\mldsp-gtkTranslation.mdproj", "{5C723350-5DAB-4AE5-8BEC-302E08A4199B}"
EndProject
Project("{FAE04EC0-301F-11D3-BF4B-00C04F79EFBC}") = "mldsp.clr", "mldsp\mldsp.clr.csproj", "{9866FD12-0067-48B1-A95F-5BB44A13C276}"
EndProject
Global
	GlobalSection(SolutionConfigurationPlatforms) = preSolution
		Debug|Any CPU = Debug|Any CPU
		Release|Any CPU = Release|Any CPU
	EndGlobalSection
	GlobalSection(ProjectConfigurationPlatforms) = postSolution
		{5C723350-5DAB-4AE5-8BEC-302E08A4199B}.Debug|Any CPU.ActiveCfg = Debug|Any CPU
		{5C723350-5DAB-4AE5-8BEC-302E08A4199B}.Release|Any CPU.ActiveCfg = Release|Any CPU
		{88F2C442-BAF0-4A88-B033-1ED3292FE880}.Debug|Any CPU.ActiveCfg = Debug|Any CPU
		{88F2C442-BAF0-4A88-B033-1ED3292FE880}.Debug|Any CPU.Build.0 = Debug|Any CPU
		{88F2C442-BAF0-4A88-B033-1ED3292FE880}.Release|Any CPU.ActiveCfg = Release|Any CPU
		{88F2C442-BAF0-4A88-B033-1ED3292FE880}.Release|Any CPU.Build.0 = Release|Any CPU
		{9866FD12-0067-48B1-A95F-5BB44A13C276}.Debug|Any CPU.ActiveCfg = Debug|Any CPU
		{9866FD12-0067-48B1-A95F-5BB44A13C276}.Debug|Any CPU.Build.0 = Debug|Any CPU
		{9866FD12-0067-48B1-A95F-5BB44A13C276}.Release|Any CPU.ActiveCfg = Release|Any CPU
		{9866FD12-0067-48B1-A95F-5BB44A13C276}.Release|Any CPU.Build.0 = Release|Any CPU
	EndGlobalSection
	GlobalSection(MonoDevelopProperties) = preSolution
		StartupItem = mldsp-gtk\mldsp-gtk.csproj
		version = 0.2.2
	EndGlobalSection
EndGlobal
